
Microsoft Visual Studio Solution File, Format Version 12.00
# Visual Studio 2012
Project("{FAE04EC0-301F-11D3-BF4B-00C04F79EFBC}") = "EjerClase03", "EjerClase03\EjerClase03.csproj", "{19B88A2B-513B-4D49-A376-66F9BE5F16C6}"
EndProject
Global
	GlobalSection(SolutionConfigurationPlatforms) = preSolution
		Debug|Any CPU = Debug|Any CPU
		Release|Any CPU = Release|Any CPU
	EndGlobalSection
	GlobalSection(ProjectConfigurationPlatforms) = postSolution
		{19B88A2B-513B-4D49-A376-66F9BE5F16C6}.Debug|Any CPU.ActiveCfg = Debug|Any CPU
		{19B88A2B-513B-4D49-A376-66F9BE5F16C6}.Debug|Any CPU.Build.0 = Debug|Any CPU
		{19B88A2B-513B-4D49-A376-66F9BE5F16C6}.Release|Any CPU.ActiveCfg = Release|Any CPU
		{19B88A2B-513B-4D49-A376-66F9BE5F16C6}.Release|Any CPU.Build.0 = Release|Any CPU
	EndGlobalSection
	GlobalSection(SolutionProperties) = preSolution
		HideSolutionNode = FALSE
	EndGlobalSection
EndGlobal
